
Microsoft Visual Studio Solution File, Format Version 12.00
# Visual Studio Version 17
VisualStudioVersion = 17.3.32901.215
MinimumVisualStudioVersion = 10.0.40219.1
Project("{9A19103F-16F7-4668-BE54-9A1E7A4F7556}") = "DapperCrudTutorial", "DapperCrudTutorial\DapperCrudTutorial.csproj", "{2CFD3057-6B7D-4571-B6CF-4AA459F06A52}"
EndProject
Project("{FAE04EC0-301F-11D3-BF4B-00C04F79EFBC}") = "MVC_Project", "MVC_Project\MVC_Project.csproj", "{5FD51780-0272-40A6-88DB-31C6E59FE58C}"
EndProject
Global
	GlobalSection(SolutionConfigurationPlatforms) = preSolution
		Debug|Any CPU = Debug|Any CPU
		Release|Any CPU = Release|Any CPU
	EndGlobalSection
	GlobalSection(ProjectConfigurationPlatforms) = postSolution
		{2CFD3057-6B7D-4571-B6CF-4AA459F06A52}.Debug|Any CPU.ActiveCfg = Debug|Any CPU
		{2CFD3057-6B7D-4571-B6CF-4AA459F06A52}.Debug|Any CPU.Build.0 = Debug|Any CPU
		{2CFD3057-6B7D-4571-B6CF-4AA459F06A52}.Release|Any CPU.ActiveCfg = Release|Any CPU
		{2CFD3057-6B7D-4571-B6CF-4AA459F06A52}.Release|Any CPU.Build.0 = Release|Any CPU
		{5FD51780-0272-40A6-88DB-31C6E59FE58C}.Debug|Any CPU.ActiveCfg = Debug|Any CPU
		{5FD51780-0272-40A6-88DB-31C6E59FE58C}.Debug|Any CPU.Build.0 = Debug|Any CPU
		{5FD51780-0272-40A6-88DB-31C6E59FE58C}.Release|Any CPU.ActiveCfg = Release|Any CPU
		{5FD51780-0272-40A6-88DB-31C6E59FE58C}.Release|Any CPU.Build.0 = Release|Any CPU
	EndGlobalSection
	GlobalSection(SolutionProperties) = preSolution
		HideSolutionNode = FALSE
	EndGlobalSection
	GlobalSection(ExtensibilityGlobals) = postSolution
		SolutionGuid = {9838D198-6438-42DA-82C3-B580320420D6}
	EndGlobalSection
EndGlobal
